
Microsoft Visual Studio Solution File, Format Version 12.00
# Visual Studio 15
VisualStudioVersion = 15.0.28010.2046
MinimumVisualStudioVersion = 10.0.40219.1
Project("{FAE04EC0-301F-11D3-BF4B-00C04F79EFBC}") = "TestProject2", "TestProject2\TestProject2.csproj", "{73DAFB60-0657-4DDD-86CC-05F4A71B7430}"
EndProject
Project("{FAE04EC0-301F-11D3-BF4B-00C04F79EFBC}") = "DAL", "DAL\DAL.csproj", "{3EC2CD44-3B6F-432F-9D9B-7A41500B2E27}"
EndProject
Project("{FAE04EC0-301F-11D3-BF4B-00C04F79EFBC}") = "TestProject2.Models", "TestProject2.Models\TestProject2.Models.csproj", "{FA71FFF3-D09F-40BB-AFD5-B7B682478B8E}"
EndProject
Project("{FAE04EC0-301F-11D3-BF4B-00C04F79EFBC}") = "TestProject2.App.Service", "TestProject2.App.Service\TestProject2.App.Service.csproj", "{8FAF1F25-8FF1-456F-B7B5-C3A47BF12F3A}"
EndProject
Global
	GlobalSection(SolutionConfigurationPlatforms) = preSolution
		Debug|Any CPU = Debug|Any CPU
		Release|Any CPU = Release|Any CPU
	EndGlobalSection
	GlobalSection(ProjectConfigurationPlatforms) = postSolution
		{73DAFB60-0657-4DDD-86CC-05F4A71B7430}.Debug|Any CPU.ActiveCfg = Debug|Any CPU
		{73DAFB60-0657-4DDD-86CC-05F4A71B7430}.Debug|Any CPU.Build.0 = Debug|Any CPU
		{73DAFB60-0657-4DDD-86CC-05F4A71B7430}.Release|Any CPU.ActiveCfg = Release|Any CPU
		{73DAFB60-0657-4DDD-86CC-05F4A71B7430}.Release|Any CPU.Build.0 = Release|Any CPU
		{3EC2CD44-3B6F-432F-9D9B-7A41500B2E27}.Debug|Any CPU.ActiveCfg = Debug|Any CPU
		{3EC2CD44-3B6F-432F-9D9B-7A41500B2E27}.Debug|Any CPU.Build.0 = Debug|Any CPU
		{3EC2CD44-3B6F-432F-9D9B-7A41500B2E27}.Release|Any CPU.ActiveCfg = Release|Any CPU
		{3EC2CD44-3B6F-432F-9D9B-7A41500B2E27}.Release|Any CPU.Build.0 = Release|Any CPU
		{FA71FFF3-D09F-40BB-AFD5-B7B682478B8E}.Debug|Any CPU.ActiveCfg = Debug|Any CPU
		{FA71FFF3-D09F-40BB-AFD5-B7B682478B8E}.Debug|Any CPU.Build.0 = Debug|Any CPU
		{FA71FFF3-D09F-40BB-AFD5-B7B682478B8E}.Release|Any CPU.ActiveCfg = Release|Any CPU
		{FA71FFF3-D09F-40BB-AFD5-B7B682478B8E}.Release|Any CPU.Build.0 = Release|Any CPU
		{8FAF1F25-8FF1-456F-B7B5-C3A47BF12F3A}.Debug|Any CPU.ActiveCfg = Debug|Any CPU
		{8FAF1F25-8FF1-456F-B7B5-C3A47BF12F3A}.Debug|Any CPU.Build.0 = Debug|Any CPU
		{8FAF1F25-8FF1-456F-B7B5-C3A47BF12F3A}.Release|Any CPU.ActiveCfg = Release|Any CPU
		{8FAF1F25-8FF1-456F-B7B5-C3A47BF12F3A}.Release|Any CPU.Build.0 = Release|Any CPU
	EndGlobalSection
	GlobalSection(SolutionProperties) = preSolution
		HideSolutionNode = FALSE
	EndGlobalSection
	GlobalSection(ExtensibilityGlobals) = postSolution
		SolutionGuid = {316480D2-E7A2-4D37-9AAD-B53F5D12DF06}
	EndGlobalSection
EndGlobal
